{
  "name": "@calcom/dayjs",
  "version": "1.0.0",
  "lockfileVersion": 3,
  "requires": true,
  "packages": {
    "": {
      "name": "@calcom/dayjs",
      "version": "1.0.0",
      "dependencies": {
        "@calcom/dayjs": "file:",
        "dayjs": "1.11.2"
      }
    },
    "node_modules/@calcom/dayjs": {
      "resolved": "",
      "link": true
    },
    "node_modules/dayjs": {
      "version": "1.11.2",
      "resolved": "https://registry.npmjs.org/dayjs/-/dayjs-1.11.2.tgz",
      "integrity": "sha512-F4LXf1OeU9hrSYRPTTj/6FbO4HTjPKXvEIC1P2kcnFurViINCVk3ZV0xAS3XVx9MkMsXbbqlK6hjseaYbgKEHw==",
      "license": "MIT"
    }
  }
}
