{
  "name": "@calcom/platform-constants",
  "version": "0.0.0",
  "lockfileVersion": 3,
  "requires": true,
  "packages": {
    "": {
      "name": "@calcom/platform-constants",
      "version": "0.0.0",
      "dependencies": {
        "@calcom/platform-constants": "file:"
      }
    },
    "node_modules/@calcom/platform-constants": {
      "resolved": "",
      "link": true
    }
  }
}
