{
  "name": "@calcom/debugging",
  "version": "1.0.0",
  "lockfileVersion": 3,
  "requires": true,
  "packages": {
    "": {
      "name": "@calcom/debugging",
      "version": "1.0.0",
      "dependencies": {
        "@calcom/debugging": "file:"
      }
    },
    "node_modules/@calcom/debugging": {
      "resolved": "",
      "link": true
    }
  }
}
